
Microsoft Visual Studio Solution File, Format Version 12.00
# Visual Studio Version 17
VisualStudioVersion = 17.7.34221.43
MinimumVisualStudioVersion = 10.0.40219.1
Project("{FAE04EC0-301F-11D3-BF4B-00C04F79EFBC}") = "Target.App", "Target.App\Target.App.csproj", "{FAEC6C61-2EF3-4C17-9CF1-91A00034C26A}"
EndProject
Global
	GlobalSection(SolutionConfigurationPlatforms) = preSolution
		Debug|Any CPU = Debug|Any CPU
		Release|Any CPU = Release|Any CPU
	EndGlobalSection
	GlobalSection(ProjectConfigurationPlatforms) = postSolution
		{FAEC6C61-2EF3-4C17-9CF1-91A00034C26A}.Debug|Any CPU.ActiveCfg = Debug|Any CPU
		{FAEC6C61-2EF3-4C17-9CF1-91A00034C26A}.Debug|Any CPU.Build.0 = Debug|Any CPU
		{FAEC6C61-2EF3-4C17-9CF1-91A00034C26A}.Release|Any CPU.ActiveCfg = Release|Any CPU
		{FAEC6C61-2EF3-4C17-9CF1-91A00034C26A}.Release|Any CPU.Build.0 = Release|Any CPU
	EndGlobalSection
	GlobalSection(SolutionProperties) = preSolution
		HideSolutionNode = FALSE
	EndGlobalSection
	GlobalSection(ExtensibilityGlobals) = postSolution
		SolutionGuid = {51C1F71F-3954-4516-93D4-FB0FD70E6496}
	EndGlobalSection
EndGlobal
